
Microsoft Visual Studio Solution File, Format Version 12.00
# Visual Studio Version 17
VisualStudioVersion = 17.4.33213.308
MinimumVisualStudioVersion = 10.0.40219.1
Project("{FAE04EC0-301F-11D3-BF4B-00C04F79EFBC}") = "UtilityBot", "UtilityBot\UtilityBot.csproj", "{3A6FBFF9-11CA-45BC-8F69-E3F871C1A209}"
EndProject
Global
	GlobalSection(SolutionConfigurationPlatforms) = preSolution
		Debug|Any CPU = Debug|Any CPU
		Release|Any CPU = Release|Any CPU
	EndGlobalSection
	GlobalSection(ProjectConfigurationPlatforms) = postSolution
		{3A6FBFF9-11CA-45BC-8F69-E3F871C1A209}.Debug|Any CPU.ActiveCfg = Debug|Any CPU
		{3A6FBFF9-11CA-45BC-8F69-E3F871C1A209}.Debug|Any CPU.Build.0 = Debug|Any CPU
		{3A6FBFF9-11CA-45BC-8F69-E3F871C1A209}.Release|Any CPU.ActiveCfg = Release|Any CPU
		{3A6FBFF9-11CA-45BC-8F69-E3F871C1A209}.Release|Any CPU.Build.0 = Release|Any CPU
	EndGlobalSection
	GlobalSection(SolutionProperties) = preSolution
		HideSolutionNode = FALSE
	EndGlobalSection
	GlobalSection(ExtensibilityGlobals) = postSolution
		SolutionGuid = {77684D44-DF25-4B20-B424-3D21BD6D13DC}
	EndGlobalSection
EndGlobal
